// !$*UTF8*$!
{
	archiveVersion = 1;
	classes = {
	};
	objectVersion = 50;
	objects = {

/* Begin PBXBuildFile section */
		D4FA15F225787A720015439C /* AppDelegate.swift in Sources */ = {isa = PBXBuildFile; fileRef = D4FA15F125787A720015439C /* AppDelegate.swift */; };
		D4FA15F425787A720015439C /* SceneDelegate.swift in Sources */ = {isa = PBXBuildFile; fileRef = D4FA15F325787A720015439C /* SceneDelegate.swift */; };
		D4FA15F625787A720015439C /* ViewController.swift in Sources */ = {isa = PBXBuildFile; fileRef = D4FA15F525787A720015439C /* ViewController.swift */; };
		D4FA15F925787A720015439C /* Main.storyboard in Resources */ = {isa = PBXBuildFile; fileRef = D4FA15F725787A720015439C /* Main.storyboard */; };
		D4FA15FB25787A740015439C /* Assets.xcassets in Resources */ = {isa = PBXBuildFile; fileRef = D4FA15FA25787A740015439C /* Assets.xcassets */; };
		D4FA15FE25787A740015439C /* LaunchScreen.storyboard in Resources */ = {isa = PBXBuildFile; fileRef = D4FA15FC25787A740015439C /* LaunchScreen.storyboard */; };
		D4FA160925787A740015439C /* tipTests.swift in Sources */ = {isa = PBXBuildFile; fileRef = D4FA160825787A740015439C /* tipTests.swift */; };
		D4FA161425787A740015439C /* tipUITests.swift in Sources */ = {isa = PBXBuildFile; fileRef = D4FA161325787A740015439C /* tipUITests.swift */; };
/* End PBXBuildFile section */

/* Begin PBXContainerItemProxy section */
		D4FA160525787A740015439C /* PBXContainerItemProxy */ = {
			isa = PBXContainerItemProxy;
			containerPortal = D4FA15E625787A720015439C /* Project object */;
			proxyType = 1;
			remoteGlobalIDString = D4FA15ED25787A720015439C;
			remoteInfo = tip;
		};
		D4FA161025787A740015439C /* PBXContainerItemProxy */ = {
			isa = PBXContainerItemProxy;
			containerPortal = D4FA15E625787A720015439C /* Project object */;
			proxyType = 1;
			remoteGlobalIDString = D4FA15ED25787A720015439C;
			remoteInfo = tip;
		};
/* End PBXContainerItemProxy section */

/* Begin PBXFileReference section */
		D4FA15EE25787A720015439C /* tip.app */ = {isa = PBXFileReference; explicitFileType = wrapper.application; includeInIndex = 0; path = tip.app; sourceTree = BUILT_PRODUCTS_DIR; };
		D4FA15F125787A720015439C /* AppDelegate.swift */ = {isa = PBXFileReference; lastKnownFileType = sourcecode.swift; path = AppDelegate.swift; sourceTree = "<group>"; };
		D4FA15F325787A720015439C /* SceneDelegate.swift */ = {isa = PBXFileReference; lastKnownFileType = sourcecode.swift; path = SceneDelegate.swift; sourceTree = "<group>"; };
		D4FA15F525787A720015439C /* ViewController.swift */ = {isa = PBXFileReference; lastKnownFileType = sourcecode.swift; path = ViewController.swift; sourceTree = "<group>"; };
		D4FA15F825787A720015439C /* Base */ = {isa = PBXFileReference; lastKnownFileType = file.storyboard; name = Base; path = Base.lproj/Main.storyboard; sourceTree = "<group>"; };
		D4FA15FA25787A740015439C /* Assets.xcassets */ = {isa = PBXFileReference; lastKnownFileType = folder.assetcatalog; path = Assets.xcassets; sourceTree = "<group>"; };
		D4FA15FD25787A740015439C /* Base */ = {isa = PBXFileReference; lastKnownFileType = file.storyboard; name = Base; path = Base.lproj/LaunchScreen.storyboard; sourceTree = "<group>"; };
		D4FA15FF25787A740015439C /* Info.plist */ = {isa = PBXFileReference; lastKnownFileType = text.plist.xml; path = Info.plist; sourceTree = "<group>"; };
		D4FA160425787A740015439C /* tipTests.xctest */ = {isa = PBXFileReference; explicitFileType = wrapper.cfbundle; includeInIndex = 0; path = tipTests.xctest; sourceTree = BUILT_PRODUCTS_DIR; };
		D4FA160825787A740015439C /* tipTests.swift */ = {isa = PBXFileReference; lastKnownFileType = sourcecode.swift; path = tipTests.swift; sourceTree = "<group>"; };
		D4FA160A25787A740015439C /* Info.plist */ = {isa = PBXFileReference; lastKnownFileType = text.plist.xml; path = Info.plist; sourceTree = "<group>"; };
		D4FA160F25787A740015439C /* tipUITests.xctest */ = {isa = PBXFileReference; explicitFileType = wrapper.cfbundle; includeInIndex = 0; path = tipUITests.xctest; sourceTree = BUILT_PRODUCTS_DIR; };
		D4FA161325787A740015439C /* tipUITests.swift */ = {isa = PBXFileReference; lastKnownFileType = sourcecode.swift; path = tipUITests.swift; sourceTree = "<group>"; };
		D4FA161525787A740015439C /* Info.plist */ = {isa = PBXFileReference; lastKnownFileType = text.plist.xml; path = Info.plist; sourceTree = "<group>"; };
/* End PBXFileReference section */

/* Begin PBXFrameworksBuildPhase section */
		D4FA15EB25787A720015439C /* Frameworks */ = {
			isa = PBXFrameworksBuildPhase;
			buildActionMask = 2147483647;
			files = (
			);
			runOnlyForDeploymentPostprocessing = 0;
		};
		D4FA160125787A740015439C /* Frameworks */ = {
			isa = PBXFrameworksBuildPhase;
			buildActionMask = 2147483647;
			files = (
			);
			runOnlyForDeploymentPostprocessing = 0;
		};
		D4FA160C25787A740015439C /* Frameworks */ = {
			isa = PBXFrameworksBuildPhase;
			buildActionMask = 2147483647;
			files = (
			);
			runOnlyForDeploymentPostprocessing = 0;
		};
/* End PBXFrameworksBuildPhase section */

/* Begin PBXGroup section */
		D4FA15E525787A720015439C = {
			isa = PBXGroup;
			children = (
				D4FA15F025787A720015439C /* tip */,
				D4FA160725787A740015439C /* tipTests */,
				D4FA161225787A740015439C /* tipUITests */,
				D4FA15EF25787A720015439C /* Products */,
			);
			sourceTree = "<group>";
		};
		D4FA15EF25787A720015439C /* Products */ = {
			isa = PBXGroup;
			children = (
				D4FA15EE25787A720015439C /* tip.app */,
				D4FA160425787A740015439C /* tipTests.xctest */,
				D4FA160F25787A740015439C /* tipUITests.xctest */,
			);
			name = Products;
			sourceTree = "<group>";
		};
		D4FA15F025787A720015439C /* tip */ = {
			isa = PBXGroup;
			children = (
				D4FA15F125787A720015439C /* AppDelegate.swift */,
				D4FA15F325787A720015439C /* SceneDelegate.swift */,
				D4FA15F525787A720015439C /* ViewController.swift */,
				D4FA15F725787A720015439C /* Main.storyboard */,
				D4FA15FA25787A740015439C /* Assets.xcassets */,
				D4FA15FC25787A740015439C /* LaunchScreen.storyboard */,
				D4FA15FF25787A740015439C /* Info.plist */,
			);
			path = tip;
			sourceTree = "<group>";
		};
		D4FA160725787A740015439C /* tipTests */ = {
			isa = PBXGroup;
			children = (
				D4FA160825787A740015439C /* tipTests.swift */,
				D4FA160A25787A740015439C /* Info.plist */,
			);
			path = tipTests;
			sourceTree = "<group>";
		};
		D4FA161225787A740015439C /* tipUITests */ = {
			isa = PBXGroup;
			children = (
				D4FA161325787A740015439C /* tipUITests.swift */,
				D4FA161525787A740015439C /* Info.plist */,
			);
			path = tipUITests;
			sourceTree = "<group>";
		};
/* End PBXGroup section */

/* Begin PBXNativeTarget section */
		D4FA15ED25787A720015439C /* tip */ = {
			isa = PBXNativeTarget;
			buildConfigurationList = D4FA161825787A740015439C /* Build configuration list for PBXNativeTarget "tip" */;
			buildPhases = (
				D4FA15EA25787A720015439C /* Sources */,
				D4FA15EB25787A720015439C /* Frameworks */,
				D4FA15EC25787A720015439C /* Resources */,
			);
			buildRules = (
			);
			dependencies = (
			);
			name = tip;
			productName = tip;
			productReference = D4FA15EE25787A720015439C /* tip.app */;
			productType = "com.apple.product-type.application";
		};
		D4FA160325787A740015439C /* tipTests */ = {
			isa = PBXNativeTarget;
			buildConfigurationList = D4FA161B25787A740015439C /* Build configuration list for PBXNativeTarget "tipTests" */;
			buildPhases = (
				D4FA160025787A740015439C /* Sources */,
				D4FA160125787A740015439C /* Frameworks */,
				D4FA160225787A740015439C /* Resources */,
			);
			buildRules = (
			);
			dependencies = (
				D4FA160625787A740015439C /* PBXTargetDependency */,
			);
			name = tipTests;
			productName = tipTests;
			productReference = D4FA160425787A740015439C /* tipTests.xctest */;
			productType = "com.apple.product-type.bundle.unit-test";
		};
		D4FA160E25787A740015439C /* tipUITests */ = {
			isa = PBXNativeTarget;
			buildConfigurationList = D4FA161E25787A740015439C /* Build configuration list for PBXNativeTarget "tipUITests" */;
			buildPhases = (
				D4FA160B25787A740015439C /* Sources */,
				D4FA160C25787A740015439C /* Frameworks */,
				D4FA160D25787A740015439C /* Resources */,
			);
			buildRules = (
			);
			dependencies = (
				D4FA161125787A740015439C /* PBXTargetDependency */,
			);
			name = tipUITests;
			productName = tipUITests;
			productReference = D4FA160F25787A740015439C /* tipUITests.xctest */;
			productType = "com.apple.product-type.bundle.ui-testing";
		};
/* End PBXNativeTarget section */

/* Begin PBXProject section */
		D4FA15E625787A720015439C /* Project object */ = {
			isa = PBXProject;
			attributes = {
				LastSwiftUpdateCheck = 1220;
				LastUpgradeCheck = 1220;
				TargetAttributes = {
					D4FA15ED25787A720015439C = {
						CreatedOnToolsVersion = 12.2;
					};
					D4FA160325787A740015439C = {
						CreatedOnToolsVersion = 12.2;
						TestTargetID = D4FA15ED25787A720015439C;
					};
					D4FA160E25787A740015439C = {
						CreatedOnToolsVersion = 12.2;
						TestTargetID = D4FA15ED25787A720015439C;
					};
				};
			};
			buildConfigurationList = D4FA15E925787A720015439C /* Build configuration list for PBXProject "tip" */;
			compatibilityVersion = "Xcode 9.3";
			developmentRegion = en;
			hasScannedForEncodings = 0;
			knownRegions = (
				en,
				Base,
			);
			mainGroup = D4FA15E525787A720015439C;
			productRefGroup = D4FA15EF25787A720015439C /* Products */;
			projectDirPath = "";
			projectRoot = "";
			targets = (
				D4FA15ED25787A720015439C /* tip */,
				D4FA160325787A740015439C /* tipTests */,
				D4FA160E25787A740015439C /* tipUITests */,
			);
		};
/* End PBXProject section */

/* Begin PBXResourcesBuildPhase section */
		D4FA15EC25787A720015439C /* Resources */ = {
			isa = PBXResourcesBuildPhase;
			buildActionMask = 2147483647;
			files = (
				D4FA15FE25787A740015439C /* LaunchScreen.storyboard in Resources */,
				D4FA15FB25787A740015439C /* Assets.xcassets in Resources */,
				D4FA15F925787A720015439C /* Main.storyboard in Resources */,
			);
			runOnlyForDeploymentPostprocessing = 0;
		};
		D4FA160225787A740015439C /* Resources */ = {
			isa = PBXResourcesBuildPhase;
			buildActionMask = 2147483647;
			files = (
			);
			runOnlyForDeploymentPostprocessing = 0;
		};
		D4FA160D25787A740015439C /* Resources */ = {
			isa = PBXResourcesBuildPhase;
			buildActionMask = 2147483647;
			files = (
			);
			runOnlyForDeploymentPostprocessing = 0;
		};
/* End PBXResourcesBuildPhase section */

/* Begin PBXSourcesBuildPhase section */
		D4FA15EA25787A720015439C /* Sources */ = {
			isa = PBXSourcesBuildPhase;
			buildActionMask = 2147483647;
			files = (
				D4FA15F625787A720015439C /* ViewController.swift in Sources */,
				D4FA15F225787A720015439C /* AppDelegate.swift in Sources */,
				D4FA15F425787A720015439C /* SceneDelegate.swift in Sources */,
			);
			runOnlyForDeploymentPostprocessing = 0;
		};
		D4FA160025787A740015439C /* Sources */ = {
			isa = PBXSourcesBuildPhase;
			buildActionMask = 2147483647;
			files = (
				D4FA160925787A740015439C /* tipTests.swift in Sources */,
			);
			runOnlyForDeploymentPostprocessing = 0;
		};
		D4FA160B25787A740015439C /* Sources */ = {
			isa = PBXSourcesBuildPhase;
			buildActionMask = 2147483647;
			files = (
				D4FA161425787A740015439C /* tipUITests.swift in Sources */,
			);
			runOnlyForDeploymentPostprocessing = 0;
		};
/* End PBXSourcesBuildPhase section */

/* Begin PBXTargetDependency section */
		D4FA160625787A740015439C /* PBXTargetDependency */ = {
			isa = PBXTargetDependency;
			target = D4FA15ED25787A720015439C /* tip */;
			targetProxy = D4FA160525787A740015439C /* PBXContainerItemProxy */;
		};
		D4FA161125787A740015439C /* PBXTargetDependency */ = {
			isa = PBXTargetDependency;
			target = D4FA15ED25787A720015439C /* tip */;
			targetProxy = D4FA161025787A740015439C /* PBXContainerItemProxy */;
		};
/* End PBXTargetDependency section */

/* Begin PBXVariantGroup section */
		D4FA15F725787A720015439C /* Main.storyboard */ = {
			isa = PBXVariantGroup;
			children = (
				D4FA15F825787A720015439C /* Base */,
			);
			name = Main.storyboard;
			sourceTree = "<group>";
		};
		D4FA15FC25787A740015439C /* LaunchScreen.storyboard */ = {
			isa = PBXVariantGroup;
			children = (
				D4FA15FD25787A740015439C /* Base */,
			);
			name = LaunchScreen.storyboard;
			sourceTree = "<group>";
		};
/* End PBXVariantGroup section */

/* Begin XCBuildConfiguration section */
		D4FA161625787A740015439C /* Debug */ = {
			isa = XCBuildConfiguration;
			buildSettings = {
				ALWAYS_SEARCH_USER_PATHS = NO;
				CLANG_ANALYZER_NONNULL = YES;
				CLANG_ANALYZER_NUMBER_OBJECT_CONVERSION = YES_AGGRESSIVE;
				CLANG_CXX_LANGUAGE_STANDARD = "gnu++14";
				CLANG_CXX_LIBRARY = "libc++";
				CLANG_ENABLE_MODULES = YES;
				CLANG_ENABLE_OBJC_ARC = YES;
				CLANG_ENABLE_OBJC_WEAK = YES;
				CLANG_WARN_BLOCK_CAPTURE_AUTORELEASING = YES;
				CLANG_WARN_BOOL_CONVERSION = YES;
				CLANG_WARN_COMMA = YES;
				CLANG_WARN_CONSTANT_CONVERSION = YES;
				CLANG_WARN_DEPRECATED_OBJC_IMPLEMENTATIONS = YES;
				CLANG_WARN_DIRECT_OBJC_ISA_USAGE = YES_ERROR;
				CLANG_WARN_DOCUMENTATION_COMMENTS = YES;
				CLANG_WARN_EMPTY_BODY = YES;
				CLANG_WARN_ENUM_CONVERSION = YES;
				CLANG_WARN_INFINITE_RECURSION = YES;
				CLANG_WARN_INT_CONVERSION = YES;
				CLANG_WARN_NON_LITERAL_NULL_CONVERSION = YES;
				CLANG_WARN_OBJC_IMPLICIT_RETAIN_SELF = YES;
				CLANG_WARN_OBJC_LITERAL_CONVERSION = YES;
				CLANG_WARN_OBJC_ROOT_CLASS = YES_ERROR;
				CLANG_WARN_QUOTED_INCLUDE_IN_FRAMEWORK_HEADER = YES;
				CLANG_WARN_RANGE_LOOP_ANALYSIS = YES;
				CLANG_WARN_STRICT_PROTOTYPES = YES;
				CLANG_WARN_SUSPICIOUS_MOVE = YES;
				CLANG_WARN_UNGUARDED_AVAILABILITY = YES_AGGRESSIVE;
				CLANG_WARN_UNREACHABLE_CODE = YES;
				CLANG_WARN__DUPLICATE_METHOD_MATCH = YES;
				COPY_PHASE_STRIP = NO;
				DEBUG_INFORMATION_FORMAT = dwarf;
				ENABLE_STRICT_OBJC_MSGSEND = YES;
				ENABLE_TESTABILITY = YES;
				GCC_C_LANGUAGE_STANDARD = gnu11;
				GCC_DYNAMIC_NO_PIC = NO;
				GCC_NO_COMMON_BLOCKS = YES;
				GCC_OPTIMIZATION_LEVEL = 0;
				GCC_PREPROCESSOR_DEFINITIONS = (
					"DEBUG=1",
					"$(inherited)",
				);
				GCC_WARN_64_TO_32_BIT_CONVERSION = YES;
				GCC_WARN_ABOUT_RETURN_TYPE = YES_ERROR;
				GCC_WARN_UNDECLARED_SELECTOR = YES;
				GCC_WARN_UNINITIALIZED_AUTOS = YES_AGGRESSIVE;
				GCC_WARN_UNUSED_FUNCTION = YES;
				GCC_WARN_UNUSED_VARIABLE = YES;
				IPHONEOS_DEPLOYMENT_TARGET = 14.2;
				MTL_ENABLE_DEBUG_INFO = INCLUDE_SOURCE;
				MTL_FAST_MATH = YES;
				ONLY_ACTIVE_ARCH = YES;
				SDKROOT = iphoneos;
				SWIFT_ACTIVE_COMPILATION_CONDITIONS = DEBUG;
				SWIFT_OPTIMIZATION_LEVEL = "-Onone";
			};
			name = Debug;
		};
		D4FA161725787A740015439C /* Release */ = {
			isa = XCBuildConfiguration;
			buildSettings = {
				ALWAYS_SEARCH_USER_PATHS = NO;
				CLANG_ANALYZER_NONNULL = YES;
				CLANG_ANALYZER_NUMBER_OBJECT_CONVERSION = YES_AGGRESSIVE;
				CLANG_CXX_LANGUAGE_STANDARD = "gnu++14";
				CLANG_CXX_LIBRARY = "libc++";
				CLANG_ENABLE_MODULES = YES;
				CLANG_ENABLE_OBJC_ARC = YES;
				CLANG_ENABLE_OBJC_WEAK = YES;
				CLANG_WARN_BLOCK_CAPTURE_AUTORELEASING = YES;
				CLANG_WARN_BOOL_CONVERSION = YES;
				CLANG_WARN_COMMA = YES;
				CLANG_WARN_CONSTANT_CONVERSION = YES;
				CLANG_WARN_DEPRECATED_OBJC_IMPLEMENTATIONS = YES;
				CLANG_WARN_DIRECT_OBJC_ISA_USAGE = YES_ERROR;
				CLANG_WARN_DOCUMENTATION_COMMENTS = YES;
				CLANG_WARN_EMPTY_BODY = YES;
				CLANG_WARN_ENUM_CONVERSION = YES;
				CLANG_WARN_INFINITE_RECURSION = YES;
				CLANG_WARN_INT_CONVERSION = YES;
				CLANG_WARN_NON_LITERAL_NULL_CONVERSION = YES;
				CLANG_WARN_OBJC_IMPLICIT_RETAIN_SELF = YES;
				CLANG_WARN_OBJC_LITERAL_CONVERSION = YES;
				CLANG_WARN_OBJC_ROOT_CLASS = YES_ERROR;
				CLANG_WARN_QUOTED_INCLUDE_IN_FRAMEWORK_HEADER = YES;
				CLANG_WARN_RANGE_LOOP_ANALYSIS = YES;
				CLANG_WARN_STRICT_PROTOTYPES = YES;
				CLANG_WARN_SUSPICIOUS_MOVE = YES;
				CLANG_WARN_UNGUARDED_AVAILABILITY = YES_AGGRESSIVE;
				CLANG_WARN_UNREACHABLE_CODE = YES;
				CLANG_WARN__DUPLICATE_METHOD_MATCH = YES;
				COPY_PHASE_STRIP = NO;
				DEBUG_INFORMATION_FORMAT = "dwarf-with-dsym";
				ENABLE_NS_ASSERTIONS = NO;
				ENABLE_STRICT_OBJC_MSGSEND = YES;
				GCC_C_LANGUAGE_STANDARD = gnu11;
				GCC_NO_COMMON_BLOCKS = YES;
				GCC_WARN_64_TO_32_BIT_CONVERSION = YES;
				GCC_WARN_ABOUT_RETURN_TYPE = YES_ERROR;
				GCC_WARN_UNDECLARED_SELECTOR = YES;
				GCC_WARN_UNINITIALIZED_AUTOS = YES_AGGRESSIVE;
				GCC_WARN_UNUSED_FUNCTION = YES;
				GCC_WARN_UNUSED_VARIABLE = YES;
				IPHONEOS_DEPLOYMENT_TARGET = 14.2;
				MTL_ENABLE_DEBUG_INFO = NO;
				MTL_FAST_MATH = YES;
				SDKROOT = iphoneos;
				SWIFT_COMPILATION_MODE = wholemodule;
				SWIFT_OPTIMIZATION_LEVEL = "-O";
				VALIDATE_PRODUCT = YES;
			};
			name = Release;
		};
		D4FA161925787A740015439C /* Debug */ = {
			isa = XCBuildConfiguration;
			buildSettings = {
				ASSETCATALOG_COMPILER_APPICON_NAME = AppIcon;
				ASSETCATALOG_COMPILER_GLOBAL_ACCENT_COLOR_NAME = AccentColor;
				CODE_SIGN_STYLE = Automatic;
				INFOPLIST_FILE = tip/Info.plist;
				LD_RUNPATH_SEARCH_PATHS = (
					"$(inherited)",
					"@executable_path/Frameworks",
				);
				PRODUCT_BUNDLE_IDENTIFIER = yousefalsayid.tip;
				PRODUCT_NAME = "$(TARGET_NAME)";
				SWIFT_VERSION = 5.0;
				TARGETED_DEVICE_FAMILY = "1,2";
			};
			name = Debug;
		};
		D4FA161A25787A740015439C /* Release */ = {
			isa = XCBuildConfiguration;
			buildSettings = {
				ASSETCATALOG_COMPILER_APPICON_NAME = AppIcon;
				ASSETCATALOG_COMPILER_GLOBAL_ACCENT_COLOR_NAME = AccentColor;
				CODE_SIGN_STYLE = Automatic;
				INFOPLIST_FILE = tip/Info.plist;
				LD_RUNPATH_SEARCH_PATHS = (
					"$(inherited)",
					"@executable_path/Frameworks",
				);
				PRODUCT_BUNDLE_IDENTIFIER = yousefalsayid.tip;
				PRODUCT_NAME = "$(TARGET_NAME)";
				SWIFT_VERSION = 5.0;
				TARGETED_DEVICE_FAMILY = "1,2";
			};
			name = Release;
		};
		D4FA161C25787A740015439C /* Debug */ = {
			isa = XCBuildConfiguration;
			buildSettings = {
				ALWAYS_EMBED_SWIFT_STANDARD_LIBRARIES = YES;
				BUNDLE_LOADER = "$(TEST_HOST)";
				CODE_SIGN_STYLE = Automatic;
				INFOPLIST_FILE = tipTests/Info.plist;
				IPHONEOS_DEPLOYMENT_TARGET = 14.2;
				LD_RUNPATH_SEARCH_PATHS = (
					"$(inherited)",
					"@executable_path/Frameworks",
					"@loader_path/Frameworks",
				);
				PRODUCT_BUNDLE_IDENTIFIER = yousefalsayid.tipTests;
				PRODUCT_NAME = "$(TARGET_NAME)";
				SWIFT_VERSION = 5.0;
				TARGETED_DEVICE_FAMILY = "1,2";
				TEST_HOST = "$(BUILT_PRODUCTS_DIR)/tip.app/tip";
			};
			name = Debug;
		};
		D4FA161D25787A740015439C /* Release */ = {
			isa = XCBuildConfiguration;
			buildSettings = {
				ALWAYS_EMBED_SWIFT_STANDARD_LIBRARIES = YES;
				BUNDLE_LOADER = "$(TEST_HOST)";
				CODE_SIGN_STYLE = Automatic;
				INFOPLIST_FILE = tipTests/Info.plist;
				IPHONEOS_DEPLOYMENT_TARGET = 14.2;
				LD_RUNPATH_SEARCH_PATHS = (
					"$(inherited)",
					"@executable_path/Frameworks",
					"@loader_path/Frameworks",
				);
				PRODUCT_BUNDLE_IDENTIFIER = yousefalsayid.tipTests;
				PRODUCT_NAME = "$(TARGET_NAME)";
				SWIFT_VERSION = 5.0;
				TARGETED_DEVICE_FAMILY = "1,2";
				TEST_HOST = "$(BUILT_PRODUCTS_DIR)/tip.app/tip";
			};
			name = Release;
		};
		D4FA161F25787A740015439C /* Debug */ = {
			isa = XCBuildConfiguration;
			buildSettings = {
				ALWAYS_EMBED_SWIFT_STANDARD_LIBRARIES = YES;
				CODE_SIGN_STYLE = Automatic;
				INFOPLIST_FILE = tipUITests/Info.plist;
				LD_RUNPATH_SEARCH_PATHS = (
					"$(inherited)",
					"@executable_path/Frameworks",
					"@loader_path/Frameworks",
				);
				PRODUCT_BUNDLE_IDENTIFIER = yousefalsayid.tipUITests;
				PRODUCT_NAME = "$(TARGET_NAME)";
				SWIFT_VERSION = 5.0;
				TARGETED_DEVICE_FAMILY = "1,2";
				TEST_TARGET_NAME = tip;
			};
			name = Debug;
		};
		D4FA162025787A740015439C /* Release */ = {
			isa = XCBuildConfiguration;
			buildSettings = {
				ALWAYS_EMBED_SWIFT_STANDARD_LIBRARIES = YES;
				CODE_SIGN_STYLE = Automatic;
				INFOPLIST_FILE = tipUITests/Info.plist;
				LD_RUNPATH_SEARCH_PATHS = (
					"$(inherited)",
					"@executable_path/Frameworks",
					"@loader_path/Frameworks",
				);
				PRODUCT_BUNDLE_IDENTIFIER = yousefalsayid.tipUITests;
				PRODUCT_NAME = "$(TARGET_NAME)";
				SWIFT_VERSION = 5.0;
				TARGETED_DEVICE_FAMILY = "1,2";
				TEST_TARGET_NAME = tip;
			};
			name = Release;
		};
/* End XCBuildConfiguration section */

/* Begin XCConfigurationList section */
		D4FA15E925787A720015439C /* Build configuration list for PBXProject "tip" */ = {
			isa = XCConfigurationList;
			buildConfigurations = (
				D4FA161625787A740015439C /* Debug */,
				D4FA161725787A740015439C /* Release */,
			);
			defaultConfigurationIsVisible = 0;
			defaultConfigurationName = Release;
		};
		D4FA161825787A740015439C /* Build configuration list for PBXNativeTarget "tip" */ = {
			isa = XCConfigurationList;
			buildConfigurations = (
				D4FA161925787A740015439C /* Debug */,
				D4FA161A25787A740015439C /* Release */,
			);
			defaultConfigurationIsVisible = 0;
			defaultConfigurationName = Release;
		};
		D4FA161B25787A740015439C /* Build configuration list for PBXNativeTarget "tipTests" */ = {
			isa = XCConfigurationList;
			buildConfigurations = (
				D4FA161C25787A740015439C /* Debug */,
				D4FA161D25787A740015439C /* Release */,
			);
			defaultConfigurationIsVisible = 0;
			defaultConfigurationName = Release;
		};
		D4FA161E25787A740015439C /* Build configuration list for PBXNativeTarget "tipUITests" */ = {
			isa = XCConfigurationList;
			buildConfigurations = (
				D4FA161F25787A740015439C /* Debug */,
				D4FA162025787A740015439C /* Release */,
			);
			defaultConfigurationIsVisible = 0;
			defaultConfigurationName = Release;
		};
/* End XCConfigurationList section */
	};
	rootObject = D4FA15E625787A720015439C /* Project object */;
}
